
Microsoft Visual Studio Solution File, Format Version 12.00
# Visual Studio Version 16
VisualStudioVersion = 16.0.29905.134
MinimumVisualStudioVersion = 10.0.40219.1
Project("{FAE04EC0-301F-11D3-BF4B-00C04F79EFBC}") = "Eve.Core", "Eve.Core\Eve.Core.csproj", "{AFCF58B3-A8B2-4311-BCB8-F5CFA577F2CC}"
EndProject
Global
	GlobalSection(SolutionConfigurationPlatforms) = preSolution
		Debug|Any CPU = Debug|Any CPU
		Release|Any CPU = Release|Any CPU
	EndGlobalSection
	GlobalSection(ProjectConfigurationPlatforms) = postSolution
		{AFCF58B3-A8B2-4311-BCB8-F5CFA577F2CC}.Debug|Any CPU.ActiveCfg = Debug|Any CPU
		{AFCF58B3-A8B2-4311-BCB8-F5CFA577F2CC}.Debug|Any CPU.Build.0 = Debug|Any CPU
		{AFCF58B3-A8B2-4311-BCB8-F5CFA577F2CC}.Release|Any CPU.ActiveCfg = Release|Any CPU
		{AFCF58B3-A8B2-4311-BCB8-F5CFA577F2CC}.Release|Any CPU.Build.0 = Release|Any CPU
	EndGlobalSection
	GlobalSection(SolutionProperties) = preSolution
		HideSolutionNode = FALSE
	EndGlobalSection
	GlobalSection(ExtensibilityGlobals) = postSolution
		SolutionGuid = {4F1E277D-620D-4A00-85D2-2BAE1DF2AA81}
	EndGlobalSection
EndGlobal
